// !$*UTF8*$!
{
	archiveVersion = 1;
	classes = {
	};
	objectVersion = 56;
	objects = {

/* Begin PBXBuildFile section */
		9F6EEDC2298CD1350000D266 /* MoviesListView.swift in Sources */ = {isa = PBXBuildFile; fileRef = 9F6EEDC1298CD1350000D266 /* MoviesListView.swift */; };
		9F6EEDC4298CD19A0000D266 /* SearchBarView.swift in Sources */ = {isa = PBXBuildFile; fileRef = 9F6EEDC3298CD19A0000D266 /* SearchBarView.swift */; };
		9F6EEDC7298CD50D0000D266 /* MoviesListMainView.swift in Sources */ = {isa = PBXBuildFile; fileRef = 9F6EEDC6298CD50D0000D266 /* MoviesListMainView.swift */; };
		9F6EEDC9298CD5660000D266 /* MoviesListItemView.swift in Sources */ = {isa = PBXBuildFile; fileRef = 9F6EEDC8298CD5650000D266 /* MoviesListItemView.swift */; };
		9FDA09E1298BA2F60082DBE3 /* swiftuimvvmexampleApp.swift in Sources */ = {isa = PBXBuildFile; fileRef = 9FDA09E0298BA2F60082DBE3 /* swiftuimvvmexampleApp.swift */; };
		9FDA09E3298BA2F60082DBE3 /* ContentView.swift in Sources */ = {isa = PBXBuildFile; fileRef = 9FDA09E2298BA2F60082DBE3 /* ContentView.swift */; };
		9FDA09E5298BA2F70082DBE3 /* Assets.xcassets in Resources */ = {isa = PBXBuildFile; fileRef = 9FDA09E4298BA2F70082DBE3 /* Assets.xcassets */; };
		9FDA09E8298BA2F70082DBE3 /* Preview Assets.xcassets in Resources */ = {isa = PBXBuildFile; fileRef = 9FDA09E7298BA2F70082DBE3 /* Preview Assets.xcassets */; };
		9FDA0A02298BA7AF0082DBE3 /* SearchMoviesUseCase.swift in Sources */ = {isa = PBXBuildFile; fileRef = 9FDA0A01298BA7AF0082DBE3 /* SearchMoviesUseCase.swift */; };
		9FDA0A05298BACD20082DBE3 /* Cancellable.swift in Sources */ = {isa = PBXBuildFile; fileRef = 9FDA0A04298BACD20082DBE3 /* Cancellable.swift */; };
		9FDA0A07298BACEF0082DBE3 /* ConnectionError.swift in Sources */ = {isa = PBXBuildFile; fileRef = 9FDA0A06298BACEF0082DBE3 /* ConnectionError.swift */; };
		9FDA0A0A298BADDB0082DBE3 /* Movie.swift in Sources */ = {isa = PBXBuildFile; fileRef = 9FDA0A09298BADDB0082DBE3 /* Movie.swift */; };
		9FDA0A0C298BAE890082DBE3 /* MovieQuery.swift in Sources */ = {isa = PBXBuildFile; fileRef = 9FDA0A0B298BAE890082DBE3 /* MovieQuery.swift */; };
		9FDA0A0E298BB05F0082DBE3 /* MoviesRepository.swift in Sources */ = {isa = PBXBuildFile; fileRef = 9FDA0A0D298BB05F0082DBE3 /* MoviesRepository.swift */; };
		9FDA0A30298BB87B0082DBE3 /* MoviesListViewModel.swift in Sources */ = {isa = PBXBuildFile; fileRef = 9FDA0A2F298BB87B0082DBE3 /* MoviesListViewModel.swift */; };
		9FDA0A32298BB8850082DBE3 /* MoviesListItemViewModel.swift in Sources */ = {isa = PBXBuildFile; fileRef = 9FDA0A31298BB8850082DBE3 /* MoviesListItemViewModel.swift */; };
		9FE99B3029908833007E09C6 /* MoviesSceneDIContainer.swift in Sources */ = {isa = PBXBuildFile; fileRef = 9FE99B2F29908833007E09C6 /* MoviesSceneDIContainer.swift */; };
		9FE99B3329908BAE007E09C6 /* DataTransferService.swift in Sources */ = {isa = PBXBuildFile; fileRef = 9FE99B3229908BAE007E09C6 /* DataTransferService.swift */; };
		9FE99B3529908BD0007E09C6 /* NetworkService.swift in Sources */ = {isa = PBXBuildFile; fileRef = 9FE99B3429908BD0007E09C6 /* NetworkService.swift */; };
		9FE99B3729908C27007E09C6 /* APIEndPoint.swift in Sources */ = {isa = PBXBuildFile; fileRef = 9FE99B3629908C27007E09C6 /* APIEndPoint.swift */; };
		9FE99B3929908C3A007E09C6 /* NetworkAPIConfig.swift in Sources */ = {isa = PBXBuildFile; fileRef = 9FE99B3829908C3A007E09C6 /* NetworkAPIConfig.swift */; };
		9FE99B3B299097BA007E09C6 /* DefaultMoviesRepository.swift in Sources */ = {isa = PBXBuildFile; fileRef = 9FE99B3A299097BA007E09C6 /* DefaultMoviesRepository.swift */; };
		9FE99B3E299098ED007E09C6 /* MoviesDTO.swift in Sources */ = {isa = PBXBuildFile; fileRef = 9FE99B3D299098ED007E09C6 /* MoviesDTO.swift */; };
		9FE99B4029909D8D007E09C6 /* CoreDataStorage.swift in Sources */ = {isa = PBXBuildFile; fileRef = 9FE99B3F29909D8D007E09C6 /* CoreDataStorage.swift */; };
		9FE99B4329909E3D007E09C6 /* RepositoryTask.swift in Sources */ = {isa = PBXBuildFile; fileRef = 9FE99B4229909E3D007E09C6 /* RepositoryTask.swift */; };
		9FE99B4529909EE5007E09C6 /* APIEndpoints.swift in Sources */ = {isa = PBXBuildFile; fileRef = 9FE99B4429909EE5007E09C6 /* APIEndpoints.swift */; };
		9FE99B472990A2CD007E09C6 /* DefaultMoviesQueriesRepository.swift in Sources */ = {isa = PBXBuildFile; fileRef = 9FE99B462990A2CD007E09C6 /* DefaultMoviesQueriesRepository.swift */; };
		9FE99B4C2990A40A007E09C6 /* CoreDataStorage.xcdatamodeld in Sources */ = {isa = PBXBuildFile; fileRef = 9FE99B492990A40A007E09C6 /* CoreDataStorage.xcdatamodeld */; };
		9FE99B4F2990B57B007E09C6 /* MoviesQueriesStorage.swift in Sources */ = {isa = PBXBuildFile; fileRef = 9FE99B4E2990B57B007E09C6 /* MoviesQueriesStorage.swift */; };
		9FE99B522990B6A8007E09C6 /* CoreDataMoviesQueriesStorage.swift in Sources */ = {isa = PBXBuildFile; fileRef = 9FE99B502990B616007E09C6 /* CoreDataMoviesQueriesStorage.swift */; };
		9FE99B552990B7C3007E09C6 /* MoviesResponseStorage.swift in Sources */ = {isa = PBXBuildFile; fileRef = 9FE99B542990B7C3007E09C6 /* MoviesResponseStorage.swift */; };
		9FE99B572990B7CD007E09C6 /* CoreDataMoviesResponseStorage.swift in Sources */ = {isa = PBXBuildFile; fileRef = 9FE99B562990B7CD007E09C6 /* CoreDataMoviesResponseStorage.swift */; };
		9FE99B5A2990B7E1007E09C6 /* MoviesResponseEntity+Mapping.swift in Sources */ = {isa = PBXBuildFile; fileRef = 9FE99B592990B7E1007E09C6 /* MoviesResponseEntity+Mapping.swift */; };
		9FE99B5C2990C8C6007E09C6 /* AppFlowCoordinator.swift in Sources */ = {isa = PBXBuildFile; fileRef = 9FE99B5B2990C8C6007E09C6 /* AppFlowCoordinator.swift */; };
		9FE99B5E2990C922007E09C6 /* AppDIContainer.swift in Sources */ = {isa = PBXBuildFile; fileRef = 9FE99B5D2990C922007E09C6 /* AppDIContainer.swift */; };
		9FE99B602990C940007E09C6 /* AppConfiguration.swift in Sources */ = {isa = PBXBuildFile; fileRef = 9FE99B5F2990C940007E09C6 /* AppConfiguration.swift */; };
		9FE99B632990CC1B007E09C6 /* MoviesSearchFlowCoordinator.swift in Sources */ = {isa = PBXBuildFile; fileRef = 9FE99B622990CC1B007E09C6 /* MoviesSearchFlowCoordinator.swift */; };
		9FE99B8B2991193E007E09C6 /* MovieDetailView.swift in Sources */ = {isa = PBXBuildFile; fileRef = 9FE99B8A2991193E007E09C6 /* MovieDetailView.swift */; };
		9FE99B8D29911CE8007E09C6 /* MovieDetailViewModel.swift in Sources */ = {isa = PBXBuildFile; fileRef = 9FE99B8C29911CE8007E09C6 /* MovieDetailViewModel.swift */; };
/* End PBXBuildFile section */

/* Begin PBXFileReference section */
		9F6EEDC1298CD1350000D266 /* MoviesListView.swift */ = {isa = PBXFileReference; lastKnownFileType = sourcecode.swift; path = MoviesListView.swift; sourceTree = "<group>"; };
		9F6EEDC3298CD19A0000D266 /* SearchBarView.swift */ = {isa = PBXFileReference; lastKnownFileType = sourcecode.swift; path = SearchBarView.swift; sourceTree = "<group>"; };
		9F6EEDC6298CD50D0000D266 /* MoviesListMainView.swift */ = {isa = PBXFileReference; lastKnownFileType = sourcecode.swift; path = MoviesListMainView.swift; sourceTree = "<group>"; };
		9F6EEDC8298CD5650000D266 /* MoviesListItemView.swift */ = {isa = PBXFileReference; lastKnownFileType = sourcecode.swift; path = MoviesListItemView.swift; sourceTree = "<group>"; };
		9FDA09DD298BA2F60082DBE3 /* swiftuimvvmexample.app */ = {isa = PBXFileReference; explicitFileType = wrapper.application; includeInIndex = 0; path = swiftuimvvmexample.app; sourceTree = BUILT_PRODUCTS_DIR; };
		9FDA09E0298BA2F60082DBE3 /* swiftuimvvmexampleApp.swift */ = {isa = PBXFileReference; lastKnownFileType = sourcecode.swift; path = swiftuimvvmexampleApp.swift; sourceTree = "<group>"; };
		9FDA09E2298BA2F60082DBE3 /* ContentView.swift */ = {isa = PBXFileReference; lastKnownFileType = sourcecode.swift; path = ContentView.swift; sourceTree = "<group>"; };
		9FDA09E4298BA2F70082DBE3 /* Assets.xcassets */ = {isa = PBXFileReference; lastKnownFileType = folder.assetcatalog; path = Assets.xcassets; sourceTree = "<group>"; };
		9FDA09E7298BA2F70082DBE3 /* Preview Assets.xcassets */ = {isa = PBXFileReference; lastKnownFileType = folder.assetcatalog; path = "Preview Assets.xcassets"; sourceTree = "<group>"; };
		9FDA0A01298BA7AF0082DBE3 /* SearchMoviesUseCase.swift */ = {isa = PBXFileReference; lastKnownFileType = sourcecode.swift; path = SearchMoviesUseCase.swift; sourceTree = "<group>"; };
		9FDA0A04298BACD20082DBE3 /* Cancellable.swift */ = {isa = PBXFileReference; lastKnownFileType = sourcecode.swift; path = Cancellable.swift; sourceTree = "<group>"; };
		9FDA0A06298BACEF0082DBE3 /* ConnectionError.swift */ = {isa = PBXFileReference; lastKnownFileType = sourcecode.swift; path = ConnectionError.swift; sourceTree = "<group>"; };
		9FDA0A09298BADDB0082DBE3 /* Movie.swift */ = {isa = PBXFileReference; lastKnownFileType = sourcecode.swift; path = Movie.swift; sourceTree = "<group>"; };
		9FDA0A0B298BAE890082DBE3 /* MovieQuery.swift */ = {isa = PBXFileReference; lastKnownFileType = sourcecode.swift; path = MovieQuery.swift; sourceTree = "<group>"; };
		9FDA0A0D298BB05F0082DBE3 /* MoviesRepository.swift */ = {isa = PBXFileReference; lastKnownFileType = sourcecode.swift; path = MoviesRepository.swift; sourceTree = "<group>"; };
		9FDA0A2F298BB87B0082DBE3 /* MoviesListViewModel.swift */ = {isa = PBXFileReference; lastKnownFileType = sourcecode.swift; path = MoviesListViewModel.swift; sourceTree = "<group>"; };
		9FDA0A31298BB8850082DBE3 /* MoviesListItemViewModel.swift */ = {isa = PBXFileReference; lastKnownFileType = sourcecode.swift; path = MoviesListItemViewModel.swift; sourceTree = "<group>"; };
		9FE99B2F29908833007E09C6 /* MoviesSceneDIContainer.swift */ = {isa = PBXFileReference; lastKnownFileType = sourcecode.swift; path = MoviesSceneDIContainer.swift; sourceTree = "<group>"; };
		9FE99B3229908BAE007E09C6 /* DataTransferService.swift */ = {isa = PBXFileReference; lastKnownFileType = sourcecode.swift; path = DataTransferService.swift; sourceTree = "<group>"; };
		9FE99B3429908BD0007E09C6 /* NetworkService.swift */ = {isa = PBXFileReference; lastKnownFileType = sourcecode.swift; path = NetworkService.swift; sourceTree = "<group>"; };
		9FE99B3629908C27007E09C6 /* APIEndPoint.swift */ = {isa = PBXFileReference; lastKnownFileType = sourcecode.swift; path = APIEndPoint.swift; sourceTree = "<group>"; };
		9FE99B3829908C3A007E09C6 /* NetworkAPIConfig.swift */ = {isa = PBXFileReference; lastKnownFileType = sourcecode.swift; path = NetworkAPIConfig.swift; sourceTree = "<group>"; };
		9FE99B3A299097BA007E09C6 /* DefaultMoviesRepository.swift */ = {isa = PBXFileReference; lastKnownFileType = sourcecode.swift; path = DefaultMoviesRepository.swift; sourceTree = "<group>"; };
		9FE99B3D299098ED007E09C6 /* MoviesDTO.swift */ = {isa = PBXFileReference; lastKnownFileType = sourcecode.swift; path = MoviesDTO.swift; sourceTree = "<group>"; };
		9FE99B3F29909D8D007E09C6 /* CoreDataStorage.swift */ = {isa = PBXFileReference; lastKnownFileType = sourcecode.swift; path = CoreDataStorage.swift; sourceTree = "<group>"; };
		9FE99B4229909E3D007E09C6 /* RepositoryTask.swift */ = {isa = PBXFileReference; lastKnownFileType = sourcecode.swift; path = RepositoryTask.swift; sourceTree = "<group>"; };
		9FE99B4429909EE5007E09C6 /* APIEndpoints.swift */ = {isa = PBXFileReference; lastKnownFileType = sourcecode.swift; path = APIEndpoints.swift; sourceTree = "<group>"; };
		9FE99B462990A2CD007E09C6 /* DefaultMoviesQueriesRepository.swift */ = {isa = PBXFileReference; lastKnownFileType = sourcecode.swift; path = DefaultMoviesQueriesRepository.swift; sourceTree = "<group>"; };
		9FE99B4A2990A40A007E09C6 /* CoreDataStorage 2.xcdatamodel */ = {isa = PBXFileReference; lastKnownFileType = wrapper.xcdatamodel; path = "CoreDataStorage 2.xcdatamodel"; sourceTree = "<group>"; };
		9FE99B4B2990A40A007E09C6 /* CoreDataStorage.xcdatamodel */ = {isa = PBXFileReference; lastKnownFileType = wrapper.xcdatamodel; path = CoreDataStorage.xcdatamodel; sourceTree = "<group>"; };
		9FE99B4E2990B57B007E09C6 /* MoviesQueriesStorage.swift */ = {isa = PBXFileReference; lastKnownFileType = sourcecode.swift; path = MoviesQueriesStorage.swift; sourceTree = "<group>"; };
		9FE99B502990B616007E09C6 /* CoreDataMoviesQueriesStorage.swift */ = {isa = PBXFileReference; lastKnownFileType = sourcecode.swift; path = CoreDataMoviesQueriesStorage.swift; sourceTree = "<group>"; };
		9FE99B542990B7C3007E09C6 /* MoviesResponseStorage.swift */ = {isa = PBXFileReference; lastKnownFileType = sourcecode.swift; path = MoviesResponseStorage.swift; sourceTree = "<group>"; };
		9FE99B562990B7CD007E09C6 /* CoreDataMoviesResponseStorage.swift */ = {isa = PBXFileReference; lastKnownFileType = sourcecode.swift; path = CoreDataMoviesResponseStorage.swift; sourceTree = "<group>"; };
		9FE99B592990B7E1007E09C6 /* MoviesResponseEntity+Mapping.swift */ = {isa = PBXFileReference; lastKnownFileType = sourcecode.swift; path = "MoviesResponseEntity+Mapping.swift"; sourceTree = "<group>"; };
		9FE99B5B2990C8C6007E09C6 /* AppFlowCoordinator.swift */ = {isa = PBXFileReference; lastKnownFileType = sourcecode.swift; path = AppFlowCoordinator.swift; sourceTree = "<group>"; };
		9FE99B5D2990C922007E09C6 /* AppDIContainer.swift */ = {isa = PBXFileReference; lastKnownFileType = sourcecode.swift; path = AppDIContainer.swift; sourceTree = "<group>"; };
		9FE99B5F2990C940007E09C6 /* AppConfiguration.swift */ = {isa = PBXFileReference; lastKnownFileType = sourcecode.swift; path = AppConfiguration.swift; sourceTree = "<group>"; };
		9FE99B622990CC1B007E09C6 /* MoviesSearchFlowCoordinator.swift */ = {isa = PBXFileReference; lastKnownFileType = sourcecode.swift; path = MoviesSearchFlowCoordinator.swift; sourceTree = "<group>"; };
		9FE99B642990DCFB007E09C6 /* Info.plist */ = {isa = PBXFileReference; lastKnownFileType = text.plist; path = Info.plist; sourceTree = "<group>"; };
		9FE99B8A2991193E007E09C6 /* MovieDetailView.swift */ = {isa = PBXFileReference; lastKnownFileType = sourcecode.swift; path = MovieDetailView.swift; sourceTree = "<group>"; };
		9FE99B8C29911CE8007E09C6 /* MovieDetailViewModel.swift */ = {isa = PBXFileReference; lastKnownFileType = sourcecode.swift; path = MovieDetailViewModel.swift; sourceTree = "<group>"; };
/* End PBXFileReference section */

/* Begin PBXFrameworksBuildPhase section */
		9FDA09DA298BA2F60082DBE3 /* Frameworks */ = {
			isa = PBXFrameworksBuildPhase;
			buildActionMask = 2147483647;
			files = (
			);
			runOnlyForDeploymentPostprocessing = 0;
		};
/* End PBXFrameworksBuildPhase section */

/* Begin PBXGroup section */
		9F6EEDC5298CD4F40000D266 /* MoviesListMainView */ = {
			isa = PBXGroup;
			children = (
				9F6EEDC6298CD50D0000D266 /* MoviesListMainView.swift */,
				9F6EEDC3298CD19A0000D266 /* SearchBarView.swift */,
				9F6EEDC1298CD1350000D266 /* MoviesListView.swift */,
				9F6EEDC8298CD5650000D266 /* MoviesListItemView.swift */,
			);
			path = MoviesListMainView;
			sourceTree = "<group>";
		};
		9F6EEDCA298D037E0000D266 /* Application */ = {
			isa = PBXGroup;
			children = (
				9F6EEDCB298D038A0000D266 /* DIContainer */,
				9FE99B5B2990C8C6007E09C6 /* AppFlowCoordinator.swift */,
				9FE99B5F2990C940007E09C6 /* AppConfiguration.swift */,
			);
			path = Application;
			sourceTree = "<group>";
		};
		9F6EEDCB298D038A0000D266 /* DIContainer */ = {
			isa = PBXGroup;
			children = (
				9FE99B2F29908833007E09C6 /* MoviesSceneDIContainer.swift */,
				9FE99B5D2990C922007E09C6 /* AppDIContainer.swift */,
			);
			path = DIContainer;
			sourceTree = "<group>";
		};
		9FDA09D4298BA2F60082DBE3 = {
			isa = PBXGroup;
			children = (
				9FDA09DF298BA2F60082DBE3 /* swiftuimvvmexample */,
				9FDA09DE298BA2F60082DBE3 /* Products */,
			);
			sourceTree = "<group>";
		};
		9FDA09DE298BA2F60082DBE3 /* Products */ = {
			isa = PBXGroup;
			children = (
				9FDA09DD298BA2F60082DBE3 /* swiftuimvvmexample.app */,
			);
			name = Products;
			sourceTree = "<group>";
		};
		9FDA09DF298BA2F60082DBE3 /* swiftuimvvmexample */ = {
			isa = PBXGroup;
			children = (
				9FE99B642990DCFB007E09C6 /* Info.plist */,
				9F6EEDCA298D037E0000D266 /* Application */,
				9FDA0A08298BAD970082DBE3 /* Infrastructure */,
				9FDA0A03298BACC80082DBE3 /* Common */,
				9FDA09F0298BA5590082DBE3 /* Domain */,
				9FDA09F5298BA5890082DBE3 /* Presentation */,
				9FDA09FC298BA7540082DBE3 /* Data */,
				9FDA09E0298BA2F60082DBE3 /* swiftuimvvmexampleApp.swift */,
				9FDA09E2298BA2F60082DBE3 /* ContentView.swift */,
				9FDA09E4298BA2F70082DBE3 /* Assets.xcassets */,
				9FDA09E6298BA2F70082DBE3 /* Preview Content */,
			);
			path = swiftuimvvmexample;
			sourceTree = "<group>";
		};
		9FDA09E6298BA2F70082DBE3 /* Preview Content */ = {
			isa = PBXGroup;
			children = (
				9FDA09E7298BA2F70082DBE3 /* Preview Assets.xcassets */,
			);
			path = "Preview Content";
			sourceTree = "<group>";
		};
		9FDA09F0298BA5590082DBE3 /* Domain */ = {
			isa = PBXGroup;
			children = (
				9FDA09F2298BA56B0082DBE3 /* Entities */,
				9FDA09F1298BA5610082DBE3 /* UseCases */,
				9FDA09F3298BA5720082DBE3 /* Interfaces */,
			);
			path = Domain;
			sourceTree = "<group>";
		};
		9FDA09F1298BA5610082DBE3 /* UseCases */ = {
			isa = PBXGroup;
			children = (
				9FDA0A01298BA7AF0082DBE3 /* SearchMoviesUseCase.swift */,
			);
			path = UseCases;
			sourceTree = "<group>";
		};
		9FDA09F2298BA56B0082DBE3 /* Entities */ = {
			isa = PBXGroup;
			children = (
				9FDA0A09298BADDB0082DBE3 /* Movie.swift */,
				9FDA0A0B298BAE890082DBE3 /* MovieQuery.swift */,
			);
			path = Entities;
			sourceTree = "<group>";
		};
		9FDA09F3298BA5720082DBE3 /* Interfaces */ = {
			isa = PBXGroup;
			children = (
				9FDA09F4298BA57F0082DBE3 /* Repositories */,
			);
			path = Interfaces;
			sourceTree = "<group>";
		};
		9FDA09F4298BA57F0082DBE3 /* Repositories */ = {
			isa = PBXGroup;
			children = (
				9FDA0A0D298BB05F0082DBE3 /* MoviesRepository.swift */,
			);
			path = Repositories;
			sourceTree = "<group>";
		};
		9FDA09F5298BA5890082DBE3 /* Presentation */ = {
			isa = PBXGroup;
			children = (
				9FDA09F6298BA5920082DBE3 /* MoviesScenes */,
			);
			path = Presentation;
			sourceTree = "<group>";
		};
		9FDA09F6298BA5920082DBE3 /* MoviesScenes */ = {
			isa = PBXGroup;
			children = (
				9FE99B612990CC06007E09C6 /* Flow */,
				9FDA09F7298BA5A00082DBE3 /* MoviesList */,
				9FDA09F8298BA7110082DBE3 /* MovieDetails */,
				9FDA09F9298BA7200082DBE3 /* MoviesQueriesList */,
			);
			path = MoviesScenes;
			sourceTree = "<group>";
		};
		9FDA09F7298BA5A00082DBE3 /* MoviesList */ = {
			isa = PBXGroup;
			children = (
				9FDA09FB298BA7490082DBE3 /* ViewModel */,
				9FDA09FA298BA7440082DBE3 /* View */,
			);
			path = MoviesList;
			sourceTree = "<group>";
		};
		9FDA09F8298BA7110082DBE3 /* MovieDetails */ = {
			isa = PBXGroup;
			children = (
				9FE99B892991192E007E09C6 /* View */,
				9FE99B8829911928007E09C6 /* ViewModel */,
			);
			path = MovieDetails;
			sourceTree = "<group>";
		};
		9FDA09F9298BA7200082DBE3 /* MoviesQueriesList */ = {
			isa = PBXGroup;
			children = (
			);
			path = MoviesQueriesList;
			sourceTree = "<group>";
		};
		9FDA09FA298BA7440082DBE3 /* View */ = {
			isa = PBXGroup;
			children = (
				9F6EEDC5298CD4F40000D266 /* MoviesListMainView */,
			);
			path = View;
			sourceTree = "<group>";
		};
		9FDA09FB298BA7490082DBE3 /* ViewModel */ = {
			isa = PBXGroup;
			children = (
				9FDA0A2F298BB87B0082DBE3 /* MoviesListViewModel.swift */,
				9FDA0A31298BB8850082DBE3 /* MoviesListItemViewModel.swift */,
			);
			path = ViewModel;
			sourceTree = "<group>";
		};
		9FDA09FC298BA7540082DBE3 /* Data */ = {
			isa = PBXGroup;
			children = (
				9FDA09FD298BA7620082DBE3 /* Repositories */,
				9FDA09FE298BA76A0082DBE3 /* Network */,
				9FDA09FF298BA7720082DBE3 /* PersistentStorages */,
			);
			path = Data;
			sourceTree = "<group>";
		};
		9FDA09FD298BA7620082DBE3 /* Repositories */ = {
			isa = PBXGroup;
			children = (
				9FE99B4129909E2F007E09C6 /* Utilities */,
				9FE99B3A299097BA007E09C6 /* DefaultMoviesRepository.swift */,
				9FE99B462990A2CD007E09C6 /* DefaultMoviesQueriesRepository.swift */,
			);
			path = Repositories;
			sourceTree = "<group>";
		};
		9FDA09FE298BA76A0082DBE3 /* Network */ = {
			isa = PBXGroup;
			children = (
				9FE99B4429909EE5007E09C6 /* APIEndpoints.swift */,
			);
			path = Network;
			sourceTree = "<group>";
		};
		9FDA09FF298BA7720082DBE3 /* PersistentStorages */ = {
			isa = PBXGroup;
			children = (
				9FE99B532990B7AE007E09C6 /* MoviesResponseStorage */,
				9FE99B4D2990B565007E09C6 /* MoviesQueriesStorage */,
				9FE99B482990A3F2007E09C6 /* CoreDataStorage */,
			);
			path = PersistentStorages;
			sourceTree = "<group>";
		};
		9FDA0A03298BACC80082DBE3 /* Common */ = {
			isa = PBXGroup;
			children = (
				9FDA0A04298BACD20082DBE3 /* Cancellable.swift */,
				9FDA0A06298BACEF0082DBE3 /* ConnectionError.swift */,
			);
			path = Common;
			sourceTree = "<group>";
		};
		9FDA0A08298BAD970082DBE3 /* Infrastructure */ = {
			isa = PBXGroup;
			children = (
				9FE99B3129908B99007E09C6 /* Network */,
			);
			path = Infrastructure;
			sourceTree = "<group>";
		};
		9FE99B3129908B99007E09C6 /* Network */ = {
			isa = PBXGroup;
			children = (
				9FE99B3C299098E1007E09C6 /* DataMapping */,
				9FE99B3229908BAE007E09C6 /* DataTransferService.swift */,
				9FE99B3429908BD0007E09C6 /* NetworkService.swift */,
				9FE99B3629908C27007E09C6 /* APIEndPoint.swift */,
				9FE99B3829908C3A007E09C6 /* NetworkAPIConfig.swift */,
			);
			path = Network;
			sourceTree = "<group>";
		};
		9FE99B3C299098E1007E09C6 /* DataMapping */ = {
			isa = PBXGroup;
			children = (
				9FE99B3D299098ED007E09C6 /* MoviesDTO.swift */,
			);
			path = DataMapping;
			sourceTree = "<group>";
		};
		9FE99B4129909E2F007E09C6 /* Utilities */ = {
			isa = PBXGroup;
			children = (
				9FE99B4229909E3D007E09C6 /* RepositoryTask.swift */,
			);
			path = Utilities;
			sourceTree = "<group>";
		};
		9FE99B482990A3F2007E09C6 /* CoreDataStorage */ = {
			isa = PBXGroup;
			children = (
				9FE99B492990A40A007E09C6 /* CoreDataStorage.xcdatamodeld */,
				9FE99B3F29909D8D007E09C6 /* CoreDataStorage.swift */,
				9FE99B502990B616007E09C6 /* CoreDataMoviesQueriesStorage.swift */,
			);
			path = CoreDataStorage;
			sourceTree = "<group>";
		};
		9FE99B4D2990B565007E09C6 /* MoviesQueriesStorage */ = {
			isa = PBXGroup;
			children = (
				9FE99B4E2990B57B007E09C6 /* MoviesQueriesStorage.swift */,
			);
			name = MoviesQueriesStorage;
			path = "ㅡㅐ퍋ㄴ뼏갿ㄴㄴ색ㅁㅎㄷ";
			sourceTree = "<group>";
		};
		9FE99B532990B7AE007E09C6 /* MoviesResponseStorage */ = {
			isa = PBXGroup;
			children = (
				9FE99B582990B7D1007E09C6 /* EntityMapping */,
				9FE99B542990B7C3007E09C6 /* MoviesResponseStorage.swift */,
				9FE99B562990B7CD007E09C6 /* CoreDataMoviesResponseStorage.swift */,
			);
			path = MoviesResponseStorage;
			sourceTree = "<group>";
		};
		9FE99B582990B7D1007E09C6 /* EntityMapping */ = {
			isa = PBXGroup;
			children = (
				9FE99B592990B7E1007E09C6 /* MoviesResponseEntity+Mapping.swift */,
			);
			path = EntityMapping;
			sourceTree = "<group>";
		};
		9FE99B612990CC06007E09C6 /* Flow */ = {
			isa = PBXGroup;
			children = (
				9FE99B622990CC1B007E09C6 /* MoviesSearchFlowCoordinator.swift */,
			);
			path = Flow;
			sourceTree = "<group>";
		};
		9FE99B8829911928007E09C6 /* ViewModel */ = {
			isa = PBXGroup;
			children = (
				9FE99B8C29911CE8007E09C6 /* MovieDetailViewModel.swift */,
			);
			path = ViewModel;
			sourceTree = "<group>";
		};
		9FE99B892991192E007E09C6 /* View */ = {
			isa = PBXGroup;
			children = (
				9FE99B8A2991193E007E09C6 /* MovieDetailView.swift */,
			);
			path = View;
			sourceTree = "<group>";
		};
/* End PBXGroup section */

/* Begin PBXNativeTarget section */
		9FDA09DC298BA2F60082DBE3 /* swiftuimvvmexample */ = {
			isa = PBXNativeTarget;
			buildConfigurationList = 9FDA09EB298BA2F70082DBE3 /* Build configuration list for PBXNativeTarget "swiftuimvvmexample" */;
			buildPhases = (
				9FDA09D9298BA2F60082DBE3 /* Sources */,
				9FDA09DA298BA2F60082DBE3 /* Frameworks */,
				9FDA09DB298BA2F60082DBE3 /* Resources */,
			);
			buildRules = (
			);
			dependencies = (
			);
			name = swiftuimvvmexample;
			productName = swiftuimvvmexample;
			productReference = 9FDA09DD298BA2F60082DBE3 /* swiftuimvvmexample.app */;
			productType = "com.apple.product-type.application";
		};
/* End PBXNativeTarget section */

/* Begin PBXProject section */
		9FDA09D5298BA2F60082DBE3 /* Project object */ = {
			isa = PBXProject;
			attributes = {
				BuildIndependentTargetsInParallel = 1;
				LastSwiftUpdateCheck = 1420;
				LastUpgradeCheck = 1420;
				TargetAttributes = {
					9FDA09DC298BA2F60082DBE3 = {
						CreatedOnToolsVersion = 14.2;
					};
				};
			};
			buildConfigurationList = 9FDA09D8298BA2F60082DBE3 /* Build configuration list for PBXProject "swiftuimvvmexample" */;
			compatibilityVersion = "Xcode 14.0";
			developmentRegion = en;
			hasScannedForEncodings = 0;
			knownRegions = (
				en,
				Base,
			);
			mainGroup = 9FDA09D4298BA2F60082DBE3;
			productRefGroup = 9FDA09DE298BA2F60082DBE3 /* Products */;
			projectDirPath = "";
			projectRoot = "";
			targets = (
				9FDA09DC298BA2F60082DBE3 /* swiftuimvvmexample */,
			);
		};
/* End PBXProject section */

/* Begin PBXResourcesBuildPhase section */
		9FDA09DB298BA2F60082DBE3 /* Resources */ = {
			isa = PBXResourcesBuildPhase;
			buildActionMask = 2147483647;
			files = (
				9FDA09E8298BA2F70082DBE3 /* Preview Assets.xcassets in Resources */,
				9FDA09E5298BA2F70082DBE3 /* Assets.xcassets in Resources */,
			);
			runOnlyForDeploymentPostprocessing = 0;
		};
/* End PBXResourcesBuildPhase section */

/* Begin PBXSourcesBuildPhase section */
		9FDA09D9298BA2F60082DBE3 /* Sources */ = {
			isa = PBXSourcesBuildPhase;
			buildActionMask = 2147483647;
			files = (
				9FE99B552990B7C3007E09C6 /* MoviesResponseStorage.swift in Sources */,
				9FDA09E3298BA2F60082DBE3 /* ContentView.swift in Sources */,
				9FDA0A0C298BAE890082DBE3 /* MovieQuery.swift in Sources */,
				9FE99B522990B6A8007E09C6 /* CoreDataMoviesQueriesStorage.swift in Sources */,
				9F6EEDC9298CD5660000D266 /* MoviesListItemView.swift in Sources */,
				9FE99B4529909EE5007E09C6 /* APIEndpoints.swift in Sources */,
				9FE99B5A2990B7E1007E09C6 /* MoviesResponseEntity+Mapping.swift in Sources */,
				9FE99B8D29911CE8007E09C6 /* MovieDetailViewModel.swift in Sources */,
				9FE99B3929908C3A007E09C6 /* NetworkAPIConfig.swift in Sources */,
				9FDA0A02298BA7AF0082DBE3 /* SearchMoviesUseCase.swift in Sources */,
				9FE99B572990B7CD007E09C6 /* CoreDataMoviesResponseStorage.swift in Sources */,
				9FE99B3329908BAE007E09C6 /* DataTransferService.swift in Sources */,
				9FE99B5E2990C922007E09C6 /* AppDIContainer.swift in Sources */,
				9FE99B3729908C27007E09C6 /* APIEndPoint.swift in Sources */,
				9FE99B3529908BD0007E09C6 /* NetworkService.swift in Sources */,
				9FDA0A30298BB87B0082DBE3 /* MoviesListViewModel.swift in Sources */,
				9F6EEDC4298CD19A0000D266 /* SearchBarView.swift in Sources */,
				9F6EEDC7298CD50D0000D266 /* MoviesListMainView.swift in Sources */,
				9FE99B5C2990C8C6007E09C6 /* AppFlowCoordinator.swift in Sources */,
				9FE99B632990CC1B007E09C6 /* MoviesSearchFlowCoordinator.swift in Sources */,
				9FE99B4C2990A40A007E09C6 /* CoreDataStorage.xcdatamodeld in Sources */,
				9FDA0A05298BACD20082DBE3 /* Cancellable.swift in Sources */,
				9FE99B602990C940007E09C6 /* AppConfiguration.swift in Sources */,
				9FE99B3B299097BA007E09C6 /* DefaultMoviesRepository.swift in Sources */,
				9F6EEDC2298CD1350000D266 /* MoviesListView.swift in Sources */,
				9FE99B3029908833007E09C6 /* MoviesSceneDIContainer.swift in Sources */,
				9FDA0A0E298BB05F0082DBE3 /* MoviesRepository.swift in Sources */,
				9FE99B4F2990B57B007E09C6 /* MoviesQueriesStorage.swift in Sources */,
				9FDA0A32298BB8850082DBE3 /* MoviesListItemViewModel.swift in Sources */,
				9FDA0A07298BACEF0082DBE3 /* ConnectionError.swift in Sources */,
				9FE99B4029909D8D007E09C6 /* CoreDataStorage.swift in Sources */,
				9FE99B8B2991193E007E09C6 /* MovieDetailView.swift in Sources */,
				9FDA09E1298BA2F60082DBE3 /* swiftuimvvmexampleApp.swift in Sources */,
				9FE99B472990A2CD007E09C6 /* DefaultMoviesQueriesRepository.swift in Sources */,
				9FDA0A0A298BADDB0082DBE3 /* Movie.swift in Sources */,
				9FE99B3E299098ED007E09C6 /* MoviesDTO.swift in Sources */,
				9FE99B4329909E3D007E09C6 /* RepositoryTask.swift in Sources */,
			);
			runOnlyForDeploymentPostprocessing = 0;
		};
/* End PBXSourcesBuildPhase section */

/* Begin XCBuildConfiguration section */
		9FDA09E9298BA2F70082DBE3 /* Debug */ = {
			isa = XCBuildConfiguration;
			buildSettings = {
				ALWAYS_SEARCH_USER_PATHS = NO;
				CLANG_ANALYZER_NONNULL = YES;
				CLANG_ANALYZER_NUMBER_OBJECT_CONVERSION = YES_AGGRESSIVE;
				CLANG_CXX_LANGUAGE_STANDARD = "gnu++20";
				CLANG_ENABLE_MODULES = YES;
				CLANG_ENABLE_OBJC_ARC = YES;
				CLANG_ENABLE_OBJC_WEAK = YES;
				CLANG_WARN_BLOCK_CAPTURE_AUTORELEASING = YES;
				CLANG_WARN_BOOL_CONVERSION = YES;
				CLANG_WARN_COMMA = YES;
				CLANG_WARN_CONSTANT_CONVERSION = YES;
				CLANG_WARN_DEPRECATED_OBJC_IMPLEMENTATIONS = YES;
				CLANG_WARN_DIRECT_OBJC_ISA_USAGE = YES_ERROR;
				CLANG_WARN_DOCUMENTATION_COMMENTS = YES;
				CLANG_WARN_EMPTY_BODY = YES;
				CLANG_WARN_ENUM_CONVERSION = YES;
				CLANG_WARN_INFINITE_RECURSION = YES;
				CLANG_WARN_INT_CONVERSION = YES;
				CLANG_WARN_NON_LITERAL_NULL_CONVERSION = YES;
				CLANG_WARN_OBJC_IMPLICIT_RETAIN_SELF = YES;
				CLANG_WARN_OBJC_LITERAL_CONVERSION = YES;
				CLANG_WARN_OBJC_ROOT_CLASS = YES_ERROR;
				CLANG_WARN_QUOTED_INCLUDE_IN_FRAMEWORK_HEADER = YES;
				CLANG_WARN_RANGE_LOOP_ANALYSIS = YES;
				CLANG_WARN_STRICT_PROTOTYPES = YES;
				CLANG_WARN_SUSPICIOUS_MOVE = YES;
				CLANG_WARN_UNGUARDED_AVAILABILITY = YES_AGGRESSIVE;
				CLANG_WARN_UNREACHABLE_CODE = YES;
				CLANG_WARN__DUPLICATE_METHOD_MATCH = YES;
				COPY_PHASE_STRIP = NO;
				DEBUG_INFORMATION_FORMAT = dwarf;
				ENABLE_STRICT_OBJC_MSGSEND = YES;
				ENABLE_TESTABILITY = YES;
				GCC_C_LANGUAGE_STANDARD = gnu11;
				GCC_DYNAMIC_NO_PIC = NO;
				GCC_NO_COMMON_BLOCKS = YES;
				GCC_OPTIMIZATION_LEVEL = 0;
				GCC_PREPROCESSOR_DEFINITIONS = (
					"DEBUG=1",
					"$(inherited)",
				);
				GCC_WARN_64_TO_32_BIT_CONVERSION = YES;
				GCC_WARN_ABOUT_RETURN_TYPE = YES_ERROR;
				GCC_WARN_UNDECLARED_SELECTOR = YES;
				GCC_WARN_UNINITIALIZED_AUTOS = YES_AGGRESSIVE;
				GCC_WARN_UNUSED_FUNCTION = YES;
				GCC_WARN_UNUSED_VARIABLE = YES;
				IPHONEOS_DEPLOYMENT_TARGET = 16.2;
				MTL_ENABLE_DEBUG_INFO = INCLUDE_SOURCE;
				MTL_FAST_MATH = YES;
				ONLY_ACTIVE_ARCH = YES;
				SDKROOT = iphoneos;
				SWIFT_ACTIVE_COMPILATION_CONDITIONS = DEBUG;
				SWIFT_OPTIMIZATION_LEVEL = "-Onone";
			};
			name = Debug;
		};
		9FDA09EA298BA2F70082DBE3 /* Release */ = {
			isa = XCBuildConfiguration;
			buildSettings = {
				ALWAYS_SEARCH_USER_PATHS = NO;
				CLANG_ANALYZER_NONNULL = YES;
				CLANG_ANALYZER_NUMBER_OBJECT_CONVERSION = YES_AGGRESSIVE;
				CLANG_CXX_LANGUAGE_STANDARD = "gnu++20";
				CLANG_ENABLE_MODULES = YES;
				CLANG_ENABLE_OBJC_ARC = YES;
				CLANG_ENABLE_OBJC_WEAK = YES;
				CLANG_WARN_BLOCK_CAPTURE_AUTORELEASING = YES;
				CLANG_WARN_BOOL_CONVERSION = YES;
				CLANG_WARN_COMMA = YES;
				CLANG_WARN_CONSTANT_CONVERSION = YES;
				CLANG_WARN_DEPRECATED_OBJC_IMPLEMENTATIONS = YES;
				CLANG_WARN_DIRECT_OBJC_ISA_USAGE = YES_ERROR;
				CLANG_WARN_DOCUMENTATION_COMMENTS = YES;
				CLANG_WARN_EMPTY_BODY = YES;
				CLANG_WARN_ENUM_CONVERSION = YES;
				CLANG_WARN_INFINITE_RECURSION = YES;
				CLANG_WARN_INT_CONVERSION = YES;
				CLANG_WARN_NON_LITERAL_NULL_CONVERSION = YES;
				CLANG_WARN_OBJC_IMPLICIT_RETAIN_SELF = YES;
				CLANG_WARN_OBJC_LITERAL_CONVERSION = YES;
				CLANG_WARN_OBJC_ROOT_CLASS = YES_ERROR;
				CLANG_WARN_QUOTED_INCLUDE_IN_FRAMEWORK_HEADER = YES;
				CLANG_WARN_RANGE_LOOP_ANALYSIS = YES;
				CLANG_WARN_STRICT_PROTOTYPES = YES;
				CLANG_WARN_SUSPICIOUS_MOVE = YES;
				CLANG_WARN_UNGUARDED_AVAILABILITY = YES_AGGRESSIVE;
				CLANG_WARN_UNREACHABLE_CODE = YES;
				CLANG_WARN__DUPLICATE_METHOD_MATCH = YES;
				COPY_PHASE_STRIP = NO;
				DEBUG_INFORMATION_FORMAT = "dwarf-with-dsym";
				ENABLE_NS_ASSERTIONS = NO;
				ENABLE_STRICT_OBJC_MSGSEND = YES;
				GCC_C_LANGUAGE_STANDARD = gnu11;
				GCC_NO_COMMON_BLOCKS = YES;
				GCC_WARN_64_TO_32_BIT_CONVERSION = YES;
				GCC_WARN_ABOUT_RETURN_TYPE = YES_ERROR;
				GCC_WARN_UNDECLARED_SELECTOR = YES;
				GCC_WARN_UNINITIALIZED_AUTOS = YES_AGGRESSIVE;
				GCC_WARN_UNUSED_FUNCTION = YES;
				GCC_WARN_UNUSED_VARIABLE = YES;
				IPHONEOS_DEPLOYMENT_TARGET = 16.2;
				MTL_ENABLE_DEBUG_INFO = NO;
				MTL_FAST_MATH = YES;
				SDKROOT = iphoneos;
				SWIFT_COMPILATION_MODE = wholemodule;
				SWIFT_OPTIMIZATION_LEVEL = "-O";
				VALIDATE_PRODUCT = YES;
			};
			name = Release;
		};
		9FDA09EC298BA2F70082DBE3 /* Debug */ = {
			isa = XCBuildConfiguration;
			buildSettings = {
				ASSETCATALOG_COMPILER_APPICON_NAME = AppIcon;
				ASSETCATALOG_COMPILER_GLOBAL_ACCENT_COLOR_NAME = AccentColor;
				CODE_SIGN_STYLE = Automatic;
				CURRENT_PROJECT_VERSION = 1;
				DEVELOPMENT_ASSET_PATHS = "\"swiftuimvvmexample/Preview Content\"";
				DEVELOPMENT_TEAM = MUKB67VP48;
				ENABLE_PREVIEWS = YES;
				GENERATE_INFOPLIST_FILE = YES;
				INFOPLIST_FILE = swiftuimvvmexample/Info.plist;
				INFOPLIST_KEY_UIApplicationSceneManifest_Generation = YES;
				INFOPLIST_KEY_UIApplicationSupportsIndirectInputEvents = YES;
				INFOPLIST_KEY_UILaunchScreen_Generation = YES;
				INFOPLIST_KEY_UISupportedInterfaceOrientations_iPad = "UIInterfaceOrientationPortrait UIInterfaceOrientationPortraitUpsideDown UIInterfaceOrientationLandscapeLeft UIInterfaceOrientationLandscapeRight";
				INFOPLIST_KEY_UISupportedInterfaceOrientations_iPhone = "UIInterfaceOrientationPortrait UIInterfaceOrientationLandscapeLeft UIInterfaceOrientationLandscapeRight";
				IPHONEOS_DEPLOYMENT_TARGET = 16.0;
				LD_RUNPATH_SEARCH_PATHS = (
					"$(inherited)",
					"@executable_path/Frameworks",
				);
				MARKETING_VERSION = 1.0;
				PRODUCT_BUNDLE_IDENTIFIER = sungwookkim.swiftuimvvmexample;
				PRODUCT_NAME = "$(TARGET_NAME)";
				SWIFT_EMIT_LOC_STRINGS = YES;
				SWIFT_VERSION = 5.0;
				TARGETED_DEVICE_FAMILY = "1,2";
			};
			name = Debug;
		};
		9FDA09ED298BA2F70082DBE3 /* Release */ = {
			isa = XCBuildConfiguration;
			buildSettings = {
				ASSETCATALOG_COMPILER_APPICON_NAME = AppIcon;
				ASSETCATALOG_COMPILER_GLOBAL_ACCENT_COLOR_NAME = AccentColor;
				CODE_SIGN_STYLE = Automatic;
				CURRENT_PROJECT_VERSION = 1;
				DEVELOPMENT_ASSET_PATHS = "\"swiftuimvvmexample/Preview Content\"";
				DEVELOPMENT_TEAM = MUKB67VP48;
				ENABLE_PREVIEWS = YES;
				GENERATE_INFOPLIST_FILE = YES;
				INFOPLIST_FILE = swiftuimvvmexample/Info.plist;
				INFOPLIST_KEY_UIApplicationSceneManifest_Generation = YES;
				INFOPLIST_KEY_UIApplicationSupportsIndirectInputEvents = YES;
				INFOPLIST_KEY_UILaunchScreen_Generation = YES;
				INFOPLIST_KEY_UISupportedInterfaceOrientations_iPad = "UIInterfaceOrientationPortrait UIInterfaceOrientationPortraitUpsideDown UIInterfaceOrientationLandscapeLeft UIInterfaceOrientationLandscapeRight";
				INFOPLIST_KEY_UISupportedInterfaceOrientations_iPhone = "UIInterfaceOrientationPortrait UIInterfaceOrientationLandscapeLeft UIInterfaceOrientationLandscapeRight";
				IPHONEOS_DEPLOYMENT_TARGET = 16.0;
				LD_RUNPATH_SEARCH_PATHS = (
					"$(inherited)",
					"@executable_path/Frameworks",
				);
				MARKETING_VERSION = 1.0;
				PRODUCT_BUNDLE_IDENTIFIER = sungwookkim.swiftuimvvmexample;
				PRODUCT_NAME = "$(TARGET_NAME)";
				SWIFT_EMIT_LOC_STRINGS = YES;
				SWIFT_VERSION = 5.0;
				TARGETED_DEVICE_FAMILY = "1,2";
			};
			name = Release;
		};
/* End XCBuildConfiguration section */

/* Begin XCConfigurationList section */
		9FDA09D8298BA2F60082DBE3 /* Build configuration list for PBXProject "swiftuimvvmexample" */ = {
			isa = XCConfigurationList;
			buildConfigurations = (
				9FDA09E9298BA2F70082DBE3 /* Debug */,
				9FDA09EA298BA2F70082DBE3 /* Release */,
			);
			defaultConfigurationIsVisible = 0;
			defaultConfigurationName = Release;
		};
		9FDA09EB298BA2F70082DBE3 /* Build configuration list for PBXNativeTarget "swiftuimvvmexample" */ = {
			isa = XCConfigurationList;
			buildConfigurations = (
				9FDA09EC298BA2F70082DBE3 /* Debug */,
				9FDA09ED298BA2F70082DBE3 /* Release */,
			);
			defaultConfigurationIsVisible = 0;
			defaultConfigurationName = Release;
		};
/* End XCConfigurationList section */

/* Begin XCVersionGroup section */
		9FE99B492990A40A007E09C6 /* CoreDataStorage.xcdatamodeld */ = {
			isa = XCVersionGroup;
			children = (
				9FE99B4A2990A40A007E09C6 /* CoreDataStorage 2.xcdatamodel */,
				9FE99B4B2990A40A007E09C6 /* CoreDataStorage.xcdatamodel */,
			);
			currentVersion = 9FE99B4A2990A40A007E09C6 /* CoreDataStorage 2.xcdatamodel */;
			path = CoreDataStorage.xcdatamodeld;
			sourceTree = "<group>";
			versionGroupType = wrapper.xcdatamodel;
		};
/* End XCVersionGroup section */
	};
	rootObject = 9FDA09D5298BA2F60082DBE3 /* Project object */;
}
